
Microsoft Visual Studio Solution File, Format Version 12.00
# Visual Studio 14
VisualStudioVersion = 14.0.23107.0
MinimumVisualStudioVersion = 10.0.40219.1
Project("{FAE04EC0-301F-11D3-BF4B-00C04F79EFBC}") = "StudyConfigurationCodedUITests", "StudyConfigurationCodedUITests\StudyConfigurationCodedUITests.csproj", "{B2C8D94A-2866-478B-83F9-C7814BF126B7}"
EndProject
Project("{FAE04EC0-301F-11D3-BF4B-00C04F79EFBC}") = "Storage", "Storage\Storage.csproj", "{390D70E5-5E15-4344-915A-D570F5BCA74D}"
EndProject
Project("{FAE04EC0-301F-11D3-BF4B-00C04F79EFBC}") = "StorageTests", "StorageTests\StorageTests.csproj", "{8ABAB879-C924-44AE-ABBC-9DB00354C175}"
EndProject
Project("{FAE04EC0-301F-11D3-BF4B-00C04F79EFBC}") = "ApplicationLogics", "ApplicationLogics\ApplicationLogics.csproj", "{C10EB25D-DE01-4D48-A5D9-A28E69F9325D}"
EndProject
Project("{FAE04EC0-301F-11D3-BF4B-00C04F79EFBC}") = "StudyConfigurationUI", "StudyConfigurationUI\StudyConfigurationUI.csproj", "{D405C61E-4FBC-4D10-BB01-5AC1EC8D7072}"
EndProject
Project("{FAE04EC0-301F-11D3-BF4B-00C04F79EFBC}") = "ApplicationLogicTests", "ApplicationLogicTests\ApplicationLogicTests.csproj", "{4B1B8337-7E67-4A22-84CB-4F6A708644FF}"
EndProject
Project("{FAE04EC0-301F-11D3-BF4B-00C04F79EFBC}") = "WebApi", "WebApi\WebApi.csproj", "{B9D7D263-0FA5-46E1-BBD8-53822B6877CD}"
EndProject
Project("{FAE04EC0-301F-11D3-BF4B-00C04F79EFBC}") = "WebApi.Tests", "WebApi.Tests\WebApi.Tests.csproj", "{BB0248F5-3674-44FF-B999-2C443EC656B7}"
EndProject
Global
	GlobalSection(SolutionConfigurationPlatforms) = preSolution
		Debug|Any CPU = Debug|Any CPU
		Debug|ARM = Debug|ARM
		Debug|x64 = Debug|x64
		Debug|x86 = Debug|x86
		Release|Any CPU = Release|Any CPU
		Release|ARM = Release|ARM
		Release|x64 = Release|x64
		Release|x86 = Release|x86
	EndGlobalSection
	GlobalSection(ProjectConfigurationPlatforms) = postSolution
		{B2C8D94A-2866-478B-83F9-C7814BF126B7}.Debug|Any CPU.ActiveCfg = Debug|Any CPU
		{B2C8D94A-2866-478B-83F9-C7814BF126B7}.Debug|Any CPU.Build.0 = Debug|Any CPU
		{B2C8D94A-2866-478B-83F9-C7814BF126B7}.Debug|ARM.ActiveCfg = Debug|Any CPU
		{B2C8D94A-2866-478B-83F9-C7814BF126B7}.Debug|ARM.Build.0 = Debug|Any CPU
		{B2C8D94A-2866-478B-83F9-C7814BF126B7}.Debug|x64.ActiveCfg = Debug|Any CPU
		{B2C8D94A-2866-478B-83F9-C7814BF126B7}.Debug|x64.Build.0 = Debug|Any CPU
		{B2C8D94A-2866-478B-83F9-C7814BF126B7}.Debug|x86.ActiveCfg = Debug|Any CPU
		{B2C8D94A-2866-478B-83F9-C7814BF126B7}.Debug|x86.Build.0 = Debug|Any CPU
		{B2C8D94A-2866-478B-83F9-C7814BF126B7}.Release|Any CPU.ActiveCfg = Release|Any CPU
		{B2C8D94A-2866-478B-83F9-C7814BF126B7}.Release|Any CPU.Build.0 = Release|Any CPU
		{B2C8D94A-2866-478B-83F9-C7814BF126B7}.Release|ARM.ActiveCfg = Release|Any CPU
		{B2C8D94A-2866-478B-83F9-C7814BF126B7}.Release|ARM.Build.0 = Release|Any CPU
		{B2C8D94A-2866-478B-83F9-C7814BF126B7}.Release|x64.ActiveCfg = Release|Any CPU
		{B2C8D94A-2866-478B-83F9-C7814BF126B7}.Release|x64.Build.0 = Release|Any CPU
		{B2C8D94A-2866-478B-83F9-C7814BF126B7}.Release|x86.ActiveCfg = Release|Any CPU
		{B2C8D94A-2866-478B-83F9-C7814BF126B7}.Release|x86.Build.0 = Release|Any CPU
		{390D70E5-5E15-4344-915A-D570F5BCA74D}.Debug|Any CPU.ActiveCfg = Debug|Any CPU
		{390D70E5-5E15-4344-915A-D570F5BCA74D}.Debug|Any CPU.Build.0 = Debug|Any CPU
		{390D70E5-5E15-4344-915A-D570F5BCA74D}.Debug|ARM.ActiveCfg = Debug|Any CPU
		{390D70E5-5E15-4344-915A-D570F5BCA74D}.Debug|ARM.Build.0 = Debug|Any CPU
		{390D70E5-5E15-4344-915A-D570F5BCA74D}.Debug|x64.ActiveCfg = Debug|Any CPU
		{390D70E5-5E15-4344-915A-D570F5BCA74D}.Debug|x64.Build.0 = Debug|Any CPU
		{390D70E5-5E15-4344-915A-D570F5BCA74D}.Debug|x86.ActiveCfg = Debug|Any CPU
		{390D70E5-5E15-4344-915A-D570F5BCA74D}.Debug|x86.Build.0 = Debug|Any CPU
		{390D70E5-5E15-4344-915A-D570F5BCA74D}.Release|Any CPU.ActiveCfg = Release|Any CPU
		{390D70E5-5E15-4344-915A-D570F5BCA74D}.Release|Any CPU.Build.0 = Release|Any CPU
		{390D70E5-5E15-4344-915A-D570F5BCA74D}.Release|ARM.ActiveCfg = Release|Any CPU
		{390D70E5-5E15-4344-915A-D570F5BCA74D}.Release|ARM.Build.0 = Release|Any CPU
		{390D70E5-5E15-4344-915A-D570F5BCA74D}.Release|x64.ActiveCfg = Release|Any CPU
		{390D70E5-5E15-4344-915A-D570F5BCA74D}.Release|x64.Build.0 = Release|Any CPU
		{390D70E5-5E15-4344-915A-D570F5BCA74D}.Release|x86.ActiveCfg = Release|Any CPU
		{390D70E5-5E15-4344-915A-D570F5BCA74D}.Release|x86.Build.0 = Release|Any CPU
		{8ABAB879-C924-44AE-ABBC-9DB00354C175}.Debug|Any CPU.ActiveCfg = Debug|Any CPU
		{8ABAB879-C924-44AE-ABBC-9DB00354C175}.Debug|Any CPU.Build.0 = Debug|Any CPU
		{8ABAB879-C924-44AE-ABBC-9DB00354C175}.Debug|ARM.ActiveCfg = Debug|Any CPU
		{8ABAB879-C924-44AE-ABBC-9DB00354C175}.Debug|ARM.Build.0 = Debug|Any CPU
		{8ABAB879-C924-44AE-ABBC-9DB00354C175}.Debug|x64.ActiveCfg = Debug|Any CPU
		{8ABAB879-C924-44AE-ABBC-9DB00354C175}.Debug|x64.Build.0 = Debug|Any CPU
		{8ABAB879-C924-44AE-ABBC-9DB00354C175}.Debug|x86.ActiveCfg = Debug|Any CPU
		{8ABAB879-C924-44AE-ABBC-9DB00354C175}.Debug|x86.Build.0 = Debug|Any CPU
		{8ABAB879-C924-44AE-ABBC-9DB00354C175}.Release|Any CPU.ActiveCfg = Release|Any CPU
		{8ABAB879-C924-44AE-ABBC-9DB00354C175}.Release|Any CPU.Build.0 = Release|Any CPU
		{8ABAB879-C924-44AE-ABBC-9DB00354C175}.Release|ARM.ActiveCfg = Release|Any CPU
		{8ABAB879-C924-44AE-ABBC-9DB00354C175}.Release|ARM.Build.0 = Release|Any CPU
		{8ABAB879-C924-44AE-ABBC-9DB00354C175}.Release|x64.ActiveCfg = Release|Any CPU
		{8ABAB879-C924-44AE-ABBC-9DB00354C175}.Release|x64.Build.0 = Release|Any CPU
		{8ABAB879-C924-44AE-ABBC-9DB00354C175}.Release|x86.ActiveCfg = Release|Any CPU
		{8ABAB879-C924-44AE-ABBC-9DB00354C175}.Release|x86.Build.0 = Release|Any CPU
		{C10EB25D-DE01-4D48-A5D9-A28E69F9325D}.Debug|Any CPU.ActiveCfg = Debug|Any CPU
		{C10EB25D-DE01-4D48-A5D9-A28E69F9325D}.Debug|Any CPU.Build.0 = Debug|Any CPU
		{C10EB25D-DE01-4D48-A5D9-A28E69F9325D}.Debug|ARM.ActiveCfg = Debug|Any CPU
		{C10EB25D-DE01-4D48-A5D9-A28E69F9325D}.Debug|ARM.Build.0 = Debug|Any CPU
		{C10EB25D-DE01-4D48-A5D9-A28E69F9325D}.Debug|x64.ActiveCfg = Debug|Any CPU
		{C10EB25D-DE01-4D48-A5D9-A28E69F9325D}.Debug|x64.Build.0 = Debug|Any CPU
		{C10EB25D-DE01-4D48-A5D9-A28E69F9325D}.Debug|x86.ActiveCfg = Debug|Any CPU
		{C10EB25D-DE01-4D48-A5D9-A28E69F9325D}.Debug|x86.Build.0 = Debug|Any CPU
		{C10EB25D-DE01-4D48-A5D9-A28E69F9325D}.Release|Any CPU.ActiveCfg = Release|Any CPU
		{C10EB25D-DE01-4D48-A5D9-A28E69F9325D}.Release|Any CPU.Build.0 = Release|Any CPU
		{C10EB25D-DE01-4D48-A5D9-A28E69F9325D}.Release|ARM.ActiveCfg = Release|Any CPU
		{C10EB25D-DE01-4D48-A5D9-A28E69F9325D}.Release|ARM.Build.0 = Release|Any CPU
		{C10EB25D-DE01-4D48-A5D9-A28E69F9325D}.Release|x64.ActiveCfg = Release|Any CPU
		{C10EB25D-DE01-4D48-A5D9-A28E69F9325D}.Release|x64.Build.0 = Release|Any CPU
		{C10EB25D-DE01-4D48-A5D9-A28E69F9325D}.Release|x86.ActiveCfg = Release|Any CPU
		{C10EB25D-DE01-4D48-A5D9-A28E69F9325D}.Release|x86.Build.0 = Release|Any CPU
		{D405C61E-4FBC-4D10-BB01-5AC1EC8D7072}.Debug|Any CPU.ActiveCfg = Debug|x86
		{D405C61E-4FBC-4D10-BB01-5AC1EC8D7072}.Debug|ARM.ActiveCfg = Debug|ARM
		{D405C61E-4FBC-4D10-BB01-5AC1EC8D7072}.Debug|ARM.Build.0 = Debug|ARM
		{D405C61E-4FBC-4D10-BB01-5AC1EC8D7072}.Debug|ARM.Deploy.0 = Debug|ARM
		{D405C61E-4FBC-4D10-BB01-5AC1EC8D7072}.Debug|x64.ActiveCfg = Debug|x64
		{D405C61E-4FBC-4D10-BB01-5AC1EC8D7072}.Debug|x64.Build.0 = Debug|x64
		{D405C61E-4FBC-4D10-BB01-5AC1EC8D7072}.Debug|x64.Deploy.0 = Debug|x64
		{D405C61E-4FBC-4D10-BB01-5AC1EC8D7072}.Debug|x86.ActiveCfg = Debug|x86
		{D405C61E-4FBC-4D10-BB01-5AC1EC8D7072}.Debug|x86.Build.0 = Debug|x86
		{D405C61E-4FBC-4D10-BB01-5AC1EC8D7072}.Debug|x86.Deploy.0 = Debug|x86
		{D405C61E-4FBC-4D10-BB01-5AC1EC8D7072}.Release|Any CPU.ActiveCfg = Release|x86
		{D405C61E-4FBC-4D10-BB01-5AC1EC8D7072}.Release|ARM.ActiveCfg = Release|ARM
		{D405C61E-4FBC-4D10-BB01-5AC1EC8D7072}.Release|ARM.Build.0 = Release|ARM
		{D405C61E-4FBC-4D10-BB01-5AC1EC8D7072}.Release|ARM.Deploy.0 = Release|ARM
		{D405C61E-4FBC-4D10-BB01-5AC1EC8D7072}.Release|x64.ActiveCfg = Release|x64
		{D405C61E-4FBC-4D10-BB01-5AC1EC8D7072}.Release|x64.Build.0 = Release|x64
		{D405C61E-4FBC-4D10-BB01-5AC1EC8D7072}.Release|x64.Deploy.0 = Release|x64
		{D405C61E-4FBC-4D10-BB01-5AC1EC8D7072}.Release|x86.ActiveCfg = Release|x86
		{D405C61E-4FBC-4D10-BB01-5AC1EC8D7072}.Release|x86.Build.0 = Release|x86
		{D405C61E-4FBC-4D10-BB01-5AC1EC8D7072}.Release|x86.Deploy.0 = Release|x86
		{4B1B8337-7E67-4A22-84CB-4F6A708644FF}.Debug|Any CPU.ActiveCfg = Debug|Any CPU
		{4B1B8337-7E67-4A22-84CB-4F6A708644FF}.Debug|Any CPU.Build.0 = Debug|Any CPU
		{4B1B8337-7E67-4A22-84CB-4F6A708644FF}.Debug|ARM.ActiveCfg = Debug|Any CPU
		{4B1B8337-7E67-4A22-84CB-4F6A708644FF}.Debug|ARM.Build.0 = Debug|Any CPU
		{4B1B8337-7E67-4A22-84CB-4F6A708644FF}.Debug|x64.ActiveCfg = Debug|Any CPU
		{4B1B8337-7E67-4A22-84CB-4F6A708644FF}.Debug|x64.Build.0 = Debug|Any CPU
		{4B1B8337-7E67-4A22-84CB-4F6A708644FF}.Debug|x86.ActiveCfg = Debug|Any CPU
		{4B1B8337-7E67-4A22-84CB-4F6A708644FF}.Debug|x86.Build.0 = Debug|Any CPU
		{4B1B8337-7E67-4A22-84CB-4F6A708644FF}.Release|Any CPU.ActiveCfg = Release|Any CPU
		{4B1B8337-7E67-4A22-84CB-4F6A708644FF}.Release|Any CPU.Build.0 = Release|Any CPU
		{4B1B8337-7E67-4A22-84CB-4F6A708644FF}.Release|ARM.ActiveCfg = Release|Any CPU
		{4B1B8337-7E67-4A22-84CB-4F6A708644FF}.Release|ARM.Build.0 = Release|Any CPU
		{4B1B8337-7E67-4A22-84CB-4F6A708644FF}.Release|x64.ActiveCfg = Release|Any CPU
		{4B1B8337-7E67-4A22-84CB-4F6A708644FF}.Release|x64.Build.0 = Release|Any CPU
		{4B1B8337-7E67-4A22-84CB-4F6A708644FF}.Release|x86.ActiveCfg = Release|Any CPU
		{4B1B8337-7E67-4A22-84CB-4F6A708644FF}.Release|x86.Build.0 = Release|Any CPU
		{B9D7D263-0FA5-46E1-BBD8-53822B6877CD}.Debug|Any CPU.ActiveCfg = Debug|Any CPU
		{B9D7D263-0FA5-46E1-BBD8-53822B6877CD}.Debug|Any CPU.Build.0 = Debug|Any CPU
		{B9D7D263-0FA5-46E1-BBD8-53822B6877CD}.Debug|ARM.ActiveCfg = Debug|Any CPU
		{B9D7D263-0FA5-46E1-BBD8-53822B6877CD}.Debug|ARM.Build.0 = Debug|Any CPU
		{B9D7D263-0FA5-46E1-BBD8-53822B6877CD}.Debug|x64.ActiveCfg = Debug|Any CPU
		{B9D7D263-0FA5-46E1-BBD8-53822B6877CD}.Debug|x64.Build.0 = Debug|Any CPU
		{B9D7D263-0FA5-46E1-BBD8-53822B6877CD}.Debug|x86.ActiveCfg = Debug|Any CPU
		{B9D7D263-0FA5-46E1-BBD8-53822B6877CD}.Debug|x86.Build.0 = Debug|Any CPU
		{B9D7D263-0FA5-46E1-BBD8-53822B6877CD}.Release|Any CPU.ActiveCfg = Release|Any CPU
		{B9D7D263-0FA5-46E1-BBD8-53822B6877CD}.Release|Any CPU.Build.0 = Release|Any CPU
		{B9D7D263-0FA5-46E1-BBD8-53822B6877CD}.Release|ARM.ActiveCfg = Release|Any CPU
		{B9D7D263-0FA5-46E1-BBD8-53822B6877CD}.Release|ARM.Build.0 = Release|Any CPU
		{B9D7D263-0FA5-46E1-BBD8-53822B6877CD}.Release|x64.ActiveCfg = Release|Any CPU
		{B9D7D263-0FA5-46E1-BBD8-53822B6877CD}.Release|x64.Build.0 = Release|Any CPU
		{B9D7D263-0FA5-46E1-BBD8-53822B6877CD}.Release|x86.ActiveCfg = Release|Any CPU
		{B9D7D263-0FA5-46E1-BBD8-53822B6877CD}.Release|x86.Build.0 = Release|Any CPU
		{BB0248F5-3674-44FF-B999-2C443EC656B7}.Debug|Any CPU.ActiveCfg = Debug|Any CPU
		{BB0248F5-3674-44FF-B999-2C443EC656B7}.Debug|Any CPU.Build.0 = Debug|Any CPU
		{BB0248F5-3674-44FF-B999-2C443EC656B7}.Debug|ARM.ActiveCfg = Debug|Any CPU
		{BB0248F5-3674-44FF-B999-2C443EC656B7}.Debug|ARM.Build.0 = Debug|Any CPU
		{BB0248F5-3674-44FF-B999-2C443EC656B7}.Debug|x64.ActiveCfg = Debug|Any CPU
		{BB0248F5-3674-44FF-B999-2C443EC656B7}.Debug|x64.Build.0 = Debug|Any CPU
		{BB0248F5-3674-44FF-B999-2C443EC656B7}.Debug|x86.ActiveCfg = Debug|Any CPU
		{BB0248F5-3674-44FF-B999-2C443EC656B7}.Debug|x86.Build.0 = Debug|Any CPU
		{BB0248F5-3674-44FF-B999-2C443EC656B7}.Release|Any CPU.ActiveCfg = Release|Any CPU
		{BB0248F5-3674-44FF-B999-2C443EC656B7}.Release|Any CPU.Build.0 = Release|Any CPU
		{BB0248F5-3674-44FF-B999-2C443EC656B7}.Release|ARM.ActiveCfg = Release|Any CPU
		{BB0248F5-3674-44FF-B999-2C443EC656B7}.Release|ARM.Build.0 = Release|Any CPU
		{BB0248F5-3674-44FF-B999-2C443EC656B7}.Release|x64.ActiveCfg = Release|Any CPU
		{BB0248F5-3674-44FF-B999-2C443EC656B7}.Release|x64.Build.0 = Release|Any CPU
		{BB0248F5-3674-44FF-B999-2C443EC656B7}.Release|x86.ActiveCfg = Release|Any CPU
		{BB0248F5-3674-44FF-B999-2C443EC656B7}.Release|x86.Build.0 = Release|Any CPU
	EndGlobalSection
	GlobalSection(SolutionProperties) = preSolution
		HideSolutionNode = FALSE
	EndGlobalSection
	GlobalSection(ExtensibilityGlobals) = postSolution
		EnterpriseLibraryConfigurationToolBinariesPathV6 = packages\EnterpriseLibrary.TransientFaultHandling.6.0.1304.0\lib\portable-net45+win+wp8;packages\EnterpriseLibrary.TransientFaultHandling.Data.6.0.1304.1\lib\NET45
	EndGlobalSection
EndGlobal
